// !$*UTF8*$!
{
	archiveVersion = 1;
	classes = {
	};
	objectVersion = 46;
	objects = {

/* Begin PBXBuildFile section */
		7333D10E1A03699700D73CDC /* AppDelegate.swift in Sources */ = {isa = PBXBuildFile; fileRef = 7333D10D1A03699700D73CDC /* AppDelegate.swift */; };
		7333D1101A03699700D73CDC /* ViewController.swift in Sources */ = {isa = PBXBuildFile; fileRef = 7333D10F1A03699700D73CDC /* ViewController.swift */; };
		7333D1131A03699700D73CDC /* Main.storyboard in Resources */ = {isa = PBXBuildFile; fileRef = 7333D1111A03699700D73CDC /* Main.storyboard */; };
		7333D1151A03699700D73CDC /* Images.xcassets in Resources */ = {isa = PBXBuildFile; fileRef = 7333D1141A03699700D73CDC /* Images.xcassets */; };
		7333D1181A03699700D73CDC /* LaunchScreen.xib in Resources */ = {isa = PBXBuildFile; fileRef = 7333D1161A03699700D73CDC /* LaunchScreen.xib */; };
		7333D1241A03699700D73CDC /* PostcardTests.swift in Sources */ = {isa = PBXBuildFile; fileRef = 7333D1231A03699700D73CDC /* PostcardTests.swift */; };
		7333D1301A0382C900D73CDC /* SagradaFamilia.jpg in Resources */ = {isa = PBXBuildFile; fileRef = 7333D12F1A0382C900D73CDC /* SagradaFamilia.jpg */; };
		7333D1321A0384DA00D73CDC /* AlbertEinsteinStamp.jpg in Resources */ = {isa = PBXBuildFile; fileRef = 7333D1311A0384DA00D73CDC /* AlbertEinsteinStamp.jpg */; };
/* End PBXBuildFile section */

/* Begin PBXContainerItemProxy section */
		7333D11E1A03699700D73CDC /* PBXContainerItemProxy */ = {
			isa = PBXContainerItemProxy;
			containerPortal = 7333D1001A03699700D73CDC /* Project object */;
			proxyType = 1;
			remoteGlobalIDString = 7333D1071A03699700D73CDC;
			remoteInfo = Postcard;
		};
/* End PBXContainerItemProxy section */

/* Begin PBXFileReference section */
		7333D1081A03699700D73CDC /* Postcard.app */ = {isa = PBXFileReference; explicitFileType = wrapper.application; includeInIndex = 0; path = Postcard.app; sourceTree = BUILT_PRODUCTS_DIR; };
		7333D10C1A03699700D73CDC /* Info.plist */ = {isa = PBXFileReference; lastKnownFileType = text.plist.xml; path = Info.plist; sourceTree = "<group>"; };
		7333D10D1A03699700D73CDC /* AppDelegate.swift */ = {isa = PBXFileReference; lastKnownFileType = sourcecode.swift; path = AppDelegate.swift; sourceTree = "<group>"; };
		7333D10F1A03699700D73CDC /* ViewController.swift */ = {isa = PBXFileReference; lastKnownFileType = sourcecode.swift; path = ViewController.swift; sourceTree = "<group>"; };
		7333D1121A03699700D73CDC /* Base */ = {isa = PBXFileReference; lastKnownFileType = file.storyboard; name = Base; path = Base.lproj/Main.storyboard; sourceTree = "<group>"; };
		7333D1141A03699700D73CDC /* Images.xcassets */ = {isa = PBXFileReference; lastKnownFileType = folder.assetcatalog; path = Images.xcassets; sourceTree = "<group>"; };
		7333D1171A03699700D73CDC /* Base */ = {isa = PBXFileReference; lastKnownFileType = file.xib; name = Base; path = Base.lproj/LaunchScreen.xib; sourceTree = "<group>"; };
		7333D11D1A03699700D73CDC /* PostcardTests.xctest */ = {isa = PBXFileReference; explicitFileType = wrapper.cfbundle; includeInIndex = 0; path = PostcardTests.xctest; sourceTree = BUILT_PRODUCTS_DIR; };
		7333D1221A03699700D73CDC /* Info.plist */ = {isa = PBXFileReference; lastKnownFileType = text.plist.xml; path = Info.plist; sourceTree = "<group>"; };
		7333D1231A03699700D73CDC /* PostcardTests.swift */ = {isa = PBXFileReference; lastKnownFileType = sourcecode.swift; path = PostcardTests.swift; sourceTree = "<group>"; };
		7333D12F1A0382C900D73CDC /* SagradaFamilia.jpg */ = {isa = PBXFileReference; lastKnownFileType = image.jpeg; path = SagradaFamilia.jpg; sourceTree = "<group>"; };
		7333D1311A0384DA00D73CDC /* AlbertEinsteinStamp.jpg */ = {isa = PBXFileReference; lastKnownFileType = image.jpeg; path = AlbertEinsteinStamp.jpg; sourceTree = "<group>"; };
/* End PBXFileReference section */

/* Begin PBXFrameworksBuildPhase section */
		7333D1051A03699700D73CDC /* Frameworks */ = {
			isa = PBXFrameworksBuildPhase;
			buildActionMask = 2147483647;
			files = (
			);
			runOnlyForDeploymentPostprocessing = 0;
		};
		7333D11A1A03699700D73CDC /* Frameworks */ = {
			isa = PBXFrameworksBuildPhase;
			buildActionMask = 2147483647;
			files = (
			);
			runOnlyForDeploymentPostprocessing = 0;
		};
/* End PBXFrameworksBuildPhase section */

/* Begin PBXGroup section */
		7333D0FF1A03699700D73CDC = {
			isa = PBXGroup;
			children = (
				7333D10A1A03699700D73CDC /* Postcard */,
				7333D1201A03699700D73CDC /* PostcardTests */,
				7333D1091A03699700D73CDC /* Products */,
			);
			sourceTree = "<group>";
		};
		7333D1091A03699700D73CDC /* Products */ = {
			isa = PBXGroup;
			children = (
				7333D1081A03699700D73CDC /* Postcard.app */,
				7333D11D1A03699700D73CDC /* PostcardTests.xctest */,
			);
			name = Products;
			sourceTree = "<group>";
		};
		7333D10A1A03699700D73CDC /* Postcard */ = {
			isa = PBXGroup;
			children = (
				7333D10D1A03699700D73CDC /* AppDelegate.swift */,
				7333D10F1A03699700D73CDC /* ViewController.swift */,
				7333D1111A03699700D73CDC /* Main.storyboard */,
				7333D1141A03699700D73CDC /* Images.xcassets */,
				7333D1161A03699700D73CDC /* LaunchScreen.xib */,
				7333D10B1A03699700D73CDC /* Supporting Files */,
			);
			path = Postcard;
			sourceTree = "<group>";
		};
		7333D10B1A03699700D73CDC /* Supporting Files */ = {
			isa = PBXGroup;
			children = (
				7333D1311A0384DA00D73CDC /* AlbertEinsteinStamp.jpg */,
				7333D12F1A0382C900D73CDC /* SagradaFamilia.jpg */,
				7333D10C1A03699700D73CDC /* Info.plist */,
			);
			name = "Supporting Files";
			sourceTree = "<group>";
		};
		7333D1201A03699700D73CDC /* PostcardTests */ = {
			isa = PBXGroup;
			children = (
				7333D1231A03699700D73CDC /* PostcardTests.swift */,
				7333D1211A03699700D73CDC /* Supporting Files */,
			);
			path = PostcardTests;
			sourceTree = "<group>";
		};
		7333D1211A03699700D73CDC /* Supporting Files */ = {
			isa = PBXGroup;
			children = (
				7333D1221A03699700D73CDC /* Info.plist */,
			);
			name = "Supporting Files";
			sourceTree = "<group>";
		};
/* End PBXGroup section */

/* Begin PBXNativeTarget section */
		7333D1071A03699700D73CDC /* Postcard */ = {
			isa = PBXNativeTarget;
			buildConfigurationList = 7333D1271A03699700D73CDC /* Build configuration list for PBXNativeTarget "Postcard" */;
			buildPhases = (
				7333D1041A03699700D73CDC /* Sources */,
				7333D1051A03699700D73CDC /* Frameworks */,
				7333D1061A03699700D73CDC /* Resources */,
			);
			buildRules = (
			);
			dependencies = (
			);
			name = Postcard;
			productName = Postcard;
			productReference = 7333D1081A03699700D73CDC /* Postcard.app */;
			productType = "com.apple.product-type.application";
		};
		7333D11C1A03699700D73CDC /* PostcardTests */ = {
			isa = PBXNativeTarget;
			buildConfigurationList = 7333D12A1A03699700D73CDC /* Build configuration list for PBXNativeTarget "PostcardTests" */;
			buildPhases = (
				7333D1191A03699700D73CDC /* Sources */,
				7333D11A1A03699700D73CDC /* Frameworks */,
				7333D11B1A03699700D73CDC /* Resources */,
			);
			buildRules = (
			);
			dependencies = (
				7333D11F1A03699700D73CDC /* PBXTargetDependency */,
			);
			name = PostcardTests;
			productName = PostcardTests;
			productReference = 7333D11D1A03699700D73CDC /* PostcardTests.xctest */;
			productType = "com.apple.product-type.bundle.unit-test";
		};
/* End PBXNativeTarget section */

/* Begin PBXProject section */
		7333D1001A03699700D73CDC /* Project object */ = {
			isa = PBXProject;
			attributes = {
				LastUpgradeCheck = 0610;
				ORGANIZATIONNAME = "Lachlan Harper";
				TargetAttributes = {
					7333D1071A03699700D73CDC = {
						CreatedOnToolsVersion = 6.1;
					};
					7333D11C1A03699700D73CDC = {
						CreatedOnToolsVersion = 6.1;
						TestTargetID = 7333D1071A03699700D73CDC;
					};
				};
			};
			buildConfigurationList = 7333D1031A03699700D73CDC /* Build configuration list for PBXProject "Postcard" */;
			compatibilityVersion = "Xcode 3.2";
			developmentRegion = English;
			hasScannedForEncodings = 0;
			knownRegions = (
				en,
				Base,
			);
			mainGroup = 7333D0FF1A03699700D73CDC;
			productRefGroup = 7333D1091A03699700D73CDC /* Products */;
			projectDirPath = "";
			projectRoot = "";
			targets = (
				7333D1071A03699700D73CDC /* Postcard */,
				7333D11C1A03699700D73CDC /* PostcardTests */,
			);
		};
/* End PBXProject section */

/* Begin PBXResourcesBuildPhase section */
		7333D1061A03699700D73CDC /* Resources */ = {
			isa = PBXResourcesBuildPhase;
			buildActionMask = 2147483647;
			files = (
				7333D1131A03699700D73CDC /* Main.storyboard in Resources */,
				7333D1181A03699700D73CDC /* LaunchScreen.xib in Resources */,
				7333D1321A0384DA00D73CDC /* AlbertEinsteinStamp.jpg in Resources */,
				7333D1151A03699700D73CDC /* Images.xcassets in Resources */,
				7333D1301A0382C900D73CDC /* SagradaFamilia.jpg in Resources */,
			);
			runOnlyForDeploymentPostprocessing = 0;
		};
		7333D11B1A03699700D73CDC /* Resources */ = {
			isa = PBXResourcesBuildPhase;
			buildActionMask = 2147483647;
			files = (
			);
			runOnlyForDeploymentPostprocessing = 0;
		};
/* End PBXResourcesBuildPhase section */

/* Begin PBXSourcesBuildPhase section */
		7333D1041A03699700D73CDC /* Sources */ = {
			isa = PBXSourcesBuildPhase;
			buildActionMask = 2147483647;
			files = (
				7333D1101A03699700D73CDC /* ViewController.swift in Sources */,
				7333D10E1A03699700D73CDC /* AppDelegate.swift in Sources */,
			);
			runOnlyForDeploymentPostprocessing = 0;
		};
		7333D1191A03699700D73CDC /* Sources */ = {
			isa = PBXSourcesBuildPhase;
			buildActionMask = 2147483647;
			files = (
				7333D1241A03699700D73CDC /* PostcardTests.swift in Sources */,
			);
			runOnlyForDeploymentPostprocessing = 0;
		};
/* End PBXSourcesBuildPhase section */

/* Begin PBXTargetDependency section */
		7333D11F1A03699700D73CDC /* PBXTargetDependency */ = {
			isa = PBXTargetDependency;
			target = 7333D1071A03699700D73CDC /* Postcard */;
			targetProxy = 7333D11E1A03699700D73CDC /* PBXContainerItemProxy */;
		};
/* End PBXTargetDependency section */

/* Begin PBXVariantGroup section */
		7333D1111A03699700D73CDC /* Main.storyboard */ = {
			isa = PBXVariantGroup;
			children = (
				7333D1121A03699700D73CDC /* Base */,
			);
			name = Main.storyboard;
			sourceTree = "<group>";
		};
		7333D1161A03699700D73CDC /* LaunchScreen.xib */ = {
			isa = PBXVariantGroup;
			children = (
				7333D1171A03699700D73CDC /* Base */,
			);
			name = LaunchScreen.xib;
			sourceTree = "<group>";
		};
/* End PBXVariantGroup section */

/* Begin XCBuildConfiguration section */
		7333D1251A03699700D73CDC /* Debug */ = {
			isa = XCBuildConfiguration;
			buildSettings = {
				ALWAYS_SEARCH_USER_PATHS = NO;
				CLANG_CXX_LANGUAGE_STANDARD = "gnu++0x";
				CLANG_CXX_LIBRARY = "libc++";
				CLANG_ENABLE_MODULES = YES;
				CLANG_ENABLE_OBJC_ARC = YES;
				CLANG_WARN_BOOL_CONVERSION = YES;
				CLANG_WARN_CONSTANT_CONVERSION = YES;
				CLANG_WARN_DIRECT_OBJC_ISA_USAGE = YES_ERROR;
				CLANG_WARN_EMPTY_BODY = YES;
				CLANG_WARN_ENUM_CONVERSION = YES;
				CLANG_WARN_INT_CONVERSION = YES;
				CLANG_WARN_OBJC_ROOT_CLASS = YES_ERROR;
				CLANG_WARN_UNREACHABLE_CODE = YES;
				CLANG_WARN__DUPLICATE_METHOD_MATCH = YES;
				"CODE_SIGN_IDENTITY[sdk=iphoneos*]" = "iPhone Developer";
				COPY_PHASE_STRIP = NO;
				ENABLE_STRICT_OBJC_MSGSEND = YES;
				GCC_C_LANGUAGE_STANDARD = gnu99;
				GCC_DYNAMIC_NO_PIC = NO;
				GCC_OPTIMIZATION_LEVEL = 0;
				GCC_PREPROCESSOR_DEFINITIONS = (
					"DEBUG=1",
					"$(inherited)",
				);
				GCC_SYMBOLS_PRIVATE_EXTERN = NO;
				GCC_WARN_64_TO_32_BIT_CONVERSION = YES;
				GCC_WARN_ABOUT_RETURN_TYPE = YES_ERROR;
				GCC_WARN_UNDECLARED_SELECTOR = YES;
				GCC_WARN_UNINITIALIZED_AUTOS = YES_AGGRESSIVE;
				GCC_WARN_UNUSED_FUNCTION = YES;
				GCC_WARN_UNUSED_VARIABLE = YES;
				IPHONEOS_DEPLOYMENT_TARGET = 8.1;
				MTL_ENABLE_DEBUG_INFO = YES;
				ONLY_ACTIVE_ARCH = YES;
				SDKROOT = iphoneos;
				SWIFT_OPTIMIZATION_LEVEL = "-Onone";
				TARGETED_DEVICE_FAMILY = "1,2";
			};
			name = Debug;
		};
		7333D1261A03699700D73CDC /* Release */ = {
			isa = XCBuildConfiguration;
			buildSettings = {
				ALWAYS_SEARCH_USER_PATHS = NO;
				CLANG_CXX_LANGUAGE_STANDARD = "gnu++0x";
				CLANG_CXX_LIBRARY = "libc++";
				CLANG_ENABLE_MODULES = YES;
				CLANG_ENABLE_OBJC_ARC = YES;
				CLANG_WARN_BOOL_CONVERSION = YES;
				CLANG_WARN_CONSTANT_CONVERSION = YES;
				CLANG_WARN_DIRECT_OBJC_ISA_USAGE = YES_ERROR;
				CLANG_WARN_EMPTY_BODY = YES;
				CLANG_WARN_ENUM_CONVERSION = YES;
				CLANG_WARN_INT_CONVERSION = YES;
				CLANG_WARN_OBJC_ROOT_CLASS = YES_ERROR;
				CLANG_WARN_UNREACHABLE_CODE = YES;
				CLANG_WARN__DUPLICATE_METHOD_MATCH = YES;
				"CODE_SIGN_IDENTITY[sdk=iphoneos*]" = "iPhone Developer";
				COPY_PHASE_STRIP = YES;
				ENABLE_NS_ASSERTIONS = NO;
				ENABLE_STRICT_OBJC_MSGSEND = YES;
				GCC_C_LANGUAGE_STANDARD = gnu99;
				GCC_WARN_64_TO_32_BIT_CONVERSION = YES;
				GCC_WARN_ABOUT_RETURN_TYPE = YES_ERROR;
				GCC_WARN_UNDECLARED_SELECTOR = YES;
				GCC_WARN_UNINITIALIZED_AUTOS = YES_AGGRESSIVE;
				GCC_WARN_UNUSED_FUNCTION = YES;
				GCC_WARN_UNUSED_VARIABLE = YES;
				IPHONEOS_DEPLOYMENT_TARGET = 8.1;
				MTL_ENABLE_DEBUG_INFO = NO;
				SDKROOT = iphoneos;
				TARGETED_DEVICE_FAMILY = "1,2";
				VALIDATE_PRODUCT = YES;
			};
			name = Release;
		};
		7333D1281A03699700D73CDC /* Debug */ = {
			isa = XCBuildConfiguration;
			buildSettings = {
				ASSETCATALOG_COMPILER_APPICON_NAME = AppIcon;
				INFOPLIST_FILE = Postcard/Info.plist;
				LD_RUNPATH_SEARCH_PATHS = "$(inherited) @executable_path/Frameworks";
				PRODUCT_NAME = "$(TARGET_NAME)";
			};
			name = Debug;
		};
		7333D1291A03699700D73CDC /* Release */ = {
			isa = XCBuildConfiguration;
			buildSettings = {
				ASSETCATALOG_COMPILER_APPICON_NAME = AppIcon;
				INFOPLIST_FILE = Postcard/Info.plist;
				LD_RUNPATH_SEARCH_PATHS = "$(inherited) @executable_path/Frameworks";
				PRODUCT_NAME = "$(TARGET_NAME)";
			};
			name = Release;
		};
		7333D12B1A03699700D73CDC /* Debug */ = {
			isa = XCBuildConfiguration;
			buildSettings = {
				BUNDLE_LOADER = "$(TEST_HOST)";
				FRAMEWORK_SEARCH_PATHS = (
					"$(SDKROOT)/Developer/Library/Frameworks",
					"$(inherited)",
				);
				GCC_PREPROCESSOR_DEFINITIONS = (
					"DEBUG=1",
					"$(inherited)",
				);
				INFOPLIST_FILE = PostcardTests/Info.plist;
				LD_RUNPATH_SEARCH_PATHS = "$(inherited) @executable_path/Frameworks @loader_path/Frameworks";
				PRODUCT_NAME = "$(TARGET_NAME)";
				TEST_HOST = "$(BUILT_PRODUCTS_DIR)/Postcard.app/Postcard";
			};
			name = Debug;
		};
		7333D12C1A03699700D73CDC /* Release */ = {
			isa = XCBuildConfiguration;
			buildSettings = {
				BUNDLE_LOADER = "$(TEST_HOST)";
				FRAMEWORK_SEARCH_PATHS = (
					"$(SDKROOT)/Developer/Library/Frameworks",
					"$(inherited)",
				);
				INFOPLIST_FILE = PostcardTests/Info.plist;
				LD_RUNPATH_SEARCH_PATHS = "$(inherited) @executable_path/Frameworks @loader_path/Frameworks";
				PRODUCT_NAME = "$(TARGET_NAME)";
				TEST_HOST = "$(BUILT_PRODUCTS_DIR)/Postcard.app/Postcard";
			};
			name = Release;
		};
/* End XCBuildConfiguration section */

/* Begin XCConfigurationList section */
		7333D1031A03699700D73CDC /* Build configuration list for PBXProject "Postcard" */ = {
			isa = XCConfigurationList;
			buildConfigurations = (
				7333D1251A03699700D73CDC /* Debug */,
				7333D1261A03699700D73CDC /* Release */,
			);
			defaultConfigurationIsVisible = 0;
			defaultConfigurationName = Release;
		};
		7333D1271A03699700D73CDC /* Build configuration list for PBXNativeTarget "Postcard" */ = {
			isa = XCConfigurationList;
			buildConfigurations = (
				7333D1281A03699700D73CDC /* Debug */,
				7333D1291A03699700D73CDC /* Release */,
			);
			defaultConfigurationIsVisible = 0;
		};
		7333D12A1A03699700D73CDC /* Build configuration list for PBXNativeTarget "PostcardTests" */ = {
			isa = XCConfigurationList;
			buildConfigurations = (
				7333D12B1A03699700D73CDC /* Debug */,
				7333D12C1A03699700D73CDC /* Release */,
			);
			defaultConfigurationIsVisible = 0;
		};
/* End XCConfigurationList section */
	};
	rootObject = 7333D1001A03699700D73CDC /* Project object */;
}
